// !$*UTF8*$!
{
	archiveVersion = 1;
	classes = {
	};
	objectVersion = 77;
	objects = {

/* Begin PBXBuildFile section */
		B2C4FCDD2EC26D4F00184115 /* StoreKit.framework in Frameworks */ = {isa = PBXBuildFile; fileRef = B2C4FCDC2EC26D4F00184115 /* StoreKit.framework */; };
		B2C4FCE02EC2782200184115 /* RevenueCat in Frameworks */ = {isa = PBXBuildFile; productRef = B2C4FCDF2EC2782200184115 /* RevenueCat */; };
		B2C4FCE22EC2782200184115 /* RevenueCatUI in Frameworks */ = {isa = PBXBuildFile; productRef = B2C4FCE12EC2782200184115 /* RevenueCatUI */; };
/* End PBXBuildFile section */

/* Begin PBXContainerItemProxy section */
		B29827632E9D5FC10008460B /* PBXContainerItemProxy */ = {
			isa = PBXContainerItemProxy;
			containerPortal = B298274D2E9D5FC00008460B /* Project object */;
			proxyType = 1;
			remoteGlobalIDString = B29827542E9D5FC00008460B;
			remoteInfo = "Snap Macros";
		};
		B298276D2E9D5FC10008460B /* PBXContainerItemProxy */ = {
			isa = PBXContainerItemProxy;
			containerPortal = B298274D2E9D5FC00008460B /* Project object */;
			proxyType = 1;
			remoteGlobalIDString = B29827542E9D5FC00008460B;
			remoteInfo = "Snap Macros";
		};
/* End PBXContainerItemProxy section */

/* Begin PBXFileReference section */
		B29827552E9D5FC00008460B /* Snap Macros.app */ = {isa = PBXFileReference; explicitFileType = wrapper.application; includeInIndex = 0; path = "Snap Macros.app"; sourceTree = BUILT_PRODUCTS_DIR; };
		B29827622E9D5FC10008460B /* Snap MacrosTests.xctest */ = {isa = PBXFileReference; explicitFileType = wrapper.cfbundle; includeInIndex = 0; path = "Snap MacrosTests.xctest"; sourceTree = BUILT_PRODUCTS_DIR; };
		B298276C2E9D5FC10008460B /* Snap MacrosUITests.xctest */ = {isa = PBXFileReference; explicitFileType = wrapper.cfbundle; includeInIndex = 0; path = "Snap MacrosUITests.xctest"; sourceTree = BUILT_PRODUCTS_DIR; };
		B2C4FCDC2EC26D4F00184115 /* StoreKit.framework */ = {isa = PBXFileReference; lastKnownFileType = wrapper.framework; name = StoreKit.framework; path = System/Library/Frameworks/StoreKit.framework; sourceTree = SDKROOT; };
/* End PBXFileReference section */

/* Begin PBXFileSystemSynchronizedRootGroup section */
		B29827572E9D5FC00008460B /* Snap Macros */ = {
			isa = PBXFileSystemSynchronizedRootGroup;
			path = "Snap Macros";
			sourceTree = "<group>";
		};
		B29827652E9D5FC10008460B /* Snap MacrosTests */ = {
			isa = PBXFileSystemSynchronizedRootGroup;
			path = "Snap MacrosTests";
			sourceTree = "<group>";
		};
		B298276F2E9D5FC10008460B /* Snap MacrosUITests */ = {
			isa = PBXFileSystemSynchronizedRootGroup;
			path = "Snap MacrosUITests";
			sourceTree = "<group>";
		};
/* End PBXFileSystemSynchronizedRootGroup section */

/* Begin PBXFrameworksBuildPhase section */
		B29827522E9D5FC00008460B /* Frameworks */ = {
			isa = PBXFrameworksBuildPhase;
			buildActionMask = 2147483647;
			files = (
				B2C4FCE02EC2782200184115 /* RevenueCat in Frameworks */,
				B2C4FCDD2EC26D4F00184115 /* StoreKit.framework in Frameworks */,
				B2C4FCE22EC2782200184115 /* RevenueCatUI in Frameworks */,
			);
			runOnlyForDeploymentPostprocessing = 0;
		};
		B298275F2E9D5FC10008460B /* Frameworks */ = {
			isa = PBXFrameworksBuildPhase;
			buildActionMask = 2147483647;
			files = (
			);
			runOnlyForDeploymentPostprocessing = 0;
		};
		B29827692E9D5FC10008460B /* Frameworks */ = {
			isa = PBXFrameworksBuildPhase;
			buildActionMask = 2147483647;
			files = (
			);
			runOnlyForDeploymentPostprocessing = 0;
		};
/* End PBXFrameworksBuildPhase section */

/* Begin PBXGroup section */
		B298274C2E9D5FC00008460B = {
			isa = PBXGroup;
			children = (
				B29827572E9D5FC00008460B /* Snap Macros */,
				B29827652E9D5FC10008460B /* Snap MacrosTests */,
				B298276F2E9D5FC10008460B /* Snap MacrosUITests */,
				B2C4FCDB2EC26D4F00184115 /* Frameworks */,
				B29827562E9D5FC00008460B /* Products */,
			);
			sourceTree = "<group>";
		};
		B29827562E9D5FC00008460B /* Products */ = {
			isa = PBXGroup;
			children = (
				B29827552E9D5FC00008460B /* Snap Macros.app */,
				B29827622E9D5FC10008460B /* Snap MacrosTests.xctest */,
				B298276C2E9D5FC10008460B /* Snap MacrosUITests.xctest */,
			);
			name = Products;
			sourceTree = "<group>";
		};
		B2C4FCDB2EC26D4F00184115 /* Frameworks */ = {
			isa = PBXGroup;
			children = (
				B2C4FCDC2EC26D4F00184115 /* StoreKit.framework */,
			);
			name = Frameworks;
			sourceTree = "<group>";
		};
/* End PBXGroup section */

/* Begin PBXNativeTarget section */
		B29827542E9D5FC00008460B /* Snap Macros */ = {
			isa = PBXNativeTarget;
			buildConfigurationList = B29827762E9D5FC10008460B /* Build configuration list for PBXNativeTarget "Snap Macros" */;
			buildPhases = (
				B29827512E9D5FC00008460B /* Sources */,
				B29827522E9D5FC00008460B /* Frameworks */,
				B29827532E9D5FC00008460B /* Resources */,
			);
			buildRules = (
			);
			dependencies = (
			);
			fileSystemSynchronizedGroups = (
				B29827572E9D5FC00008460B /* Snap Macros */,
			);
			name = "Snap Macros";
			packageProductDependencies = (
				B2C4FCDF2EC2782200184115 /* RevenueCat */,
				B2C4FCE12EC2782200184115 /* RevenueCatUI */,
			);
			productName = "Snap Macros";
			productReference = B29827552E9D5FC00008460B /* Snap Macros.app */;
			productType = "com.apple.product-type.application";
		};
		B29827612E9D5FC10008460B /* Snap MacrosTests */ = {
			isa = PBXNativeTarget;
			buildConfigurationList = B29827792E9D5FC10008460B /* Build configuration list for PBXNativeTarget "Snap MacrosTests" */;
			buildPhases = (
				B298275E2E9D5FC10008460B /* Sources */,
				B298275F2E9D5FC10008460B /* Frameworks */,
				B29827602E9D5FC10008460B /* Resources */,
			);
			buildRules = (
			);
			dependencies = (
				B29827642E9D5FC10008460B /* PBXTargetDependency */,
			);
			fileSystemSynchronizedGroups = (
				B29827652E9D5FC10008460B /* Snap MacrosTests */,
			);
			name = "Snap MacrosTests";
			packageProductDependencies = (
			);
			productName = "Snap MacrosTests";
			productReference = B29827622E9D5FC10008460B /* Snap MacrosTests.xctest */;
			productType = "com.apple.product-type.bundle.unit-test";
		};
		B298276B2E9D5FC10008460B /* Snap MacrosUITests */ = {
			isa = PBXNativeTarget;
			buildConfigurationList = B298277C2E9D5FC10008460B /* Build configuration list for PBXNativeTarget "Snap MacrosUITests" */;
			buildPhases = (
				B29827682E9D5FC10008460B /* Sources */,
				B29827692E9D5FC10008460B /* Frameworks */,
				B298276A2E9D5FC10008460B /* Resources */,
			);
			buildRules = (
			);
			dependencies = (
				B298276E2E9D5FC10008460B /* PBXTargetDependency */,
			);
			fileSystemSynchronizedGroups = (
				B298276F2E9D5FC10008460B /* Snap MacrosUITests */,
			);
			name = "Snap MacrosUITests";
			packageProductDependencies = (
			);
			productName = "Snap MacrosUITests";
			productReference = B298276C2E9D5FC10008460B /* Snap MacrosUITests.xctest */;
			productType = "com.apple.product-type.bundle.ui-testing";
		};
/* End PBXNativeTarget section */

/* Begin PBXProject section */
		B298274D2E9D5FC00008460B /* Project object */ = {
			isa = PBXProject;
			attributes = {
				BuildIndependentTargetsInParallel = 1;
				LastSwiftUpdateCheck = 2600;
				LastUpgradeCheck = 2600;
				TargetAttributes = {
					B29827542E9D5FC00008460B = {
						CreatedOnToolsVersion = 26.0;
					};
					B29827612E9D5FC10008460B = {
						CreatedOnToolsVersion = 26.0;
						TestTargetID = B29827542E9D5FC00008460B;
					};
					B298276B2E9D5FC10008460B = {
						CreatedOnToolsVersion = 26.0;
						TestTargetID = B29827542E9D5FC00008460B;
					};
				};
			};
			buildConfigurationList = B29827502E9D5FC00008460B /* Build configuration list for PBXProject "Snap Macros" */;
			developmentRegion = en;
			hasScannedForEncodings = 0;
			knownRegions = (
				en,
				Base,
			);
			mainGroup = B298274C2E9D5FC00008460B;
			minimizedProjectReferenceProxies = 1;
			packageReferences = (
				B2C4FCDE2EC2782200184115 /* XCRemoteSwiftPackageReference "purchases-ios-spm" */,
			);
			preferredProjectObjectVersion = 77;
			productRefGroup = B29827562E9D5FC00008460B /* Products */;
			projectDirPath = "";
			projectRoot = "";
			targets = (
				B29827542E9D5FC00008460B /* Snap Macros */,
				B29827612E9D5FC10008460B /* Snap MacrosTests */,
				B298276B2E9D5FC10008460B /* Snap MacrosUITests */,
			);
		};
/* End PBXProject section */

/* Begin PBXResourcesBuildPhase section */
		B29827532E9D5FC00008460B /* Resources */ = {
			isa = PBXResourcesBuildPhase;
			buildActionMask = 2147483647;
			files = (
			);
			runOnlyForDeploymentPostprocessing = 0;
		};
		B29827602E9D5FC10008460B /* Resources */ = {
			isa = PBXResourcesBuildPhase;
			buildActionMask = 2147483647;
			files = (
			);
			runOnlyForDeploymentPostprocessing = 0;
		};
		B298276A2E9D5FC10008460B /* Resources */ = {
			isa = PBXResourcesBuildPhase;
			buildActionMask = 2147483647;
			files = (
			);
			runOnlyForDeploymentPostprocessing = 0;
		};
/* End PBXResourcesBuildPhase section */

/* Begin PBXSourcesBuildPhase section */
		B29827512E9D5FC00008460B /* Sources */ = {
			isa = PBXSourcesBuildPhase;
			buildActionMask = 2147483647;
			files = (
			);
			runOnlyForDeploymentPostprocessing = 0;
		};
		B298275E2E9D5FC10008460B /* Sources */ = {
			isa = PBXSourcesBuildPhase;
			buildActionMask = 2147483647;
			files = (
			);
			runOnlyForDeploymentPostprocessing = 0;
		};
		B29827682E9D5FC10008460B /* Sources */ = {
			isa = PBXSourcesBuildPhase;
			buildActionMask = 2147483647;
			files = (
			);
			runOnlyForDeploymentPostprocessing = 0;
		};
/* End PBXSourcesBuildPhase section */

/* Begin PBXTargetDependency section */
		B29827642E9D5FC10008460B /* PBXTargetDependency */ = {
			isa = PBXTargetDependency;
			target = B29827542E9D5FC00008460B /* Snap Macros */;
			targetProxy = B29827632E9D5FC10008460B /* PBXContainerItemProxy */;
		};
		B298276E2E9D5FC10008460B /* PBXTargetDependency */ = {
			isa = PBXTargetDependency;
			target = B29827542E9D5FC00008460B /* Snap Macros */;
			targetProxy = B298276D2E9D5FC10008460B /* PBXContainerItemProxy */;
		};
/* End PBXTargetDependency section */

/* Begin XCBuildConfiguration section */
		B29827742E9D5FC10008460B /* Debug */ = {
			isa = XCBuildConfiguration;
			buildSettings = {
				ALWAYS_SEARCH_USER_PATHS = NO;
				ASSETCATALOG_COMPILER_GENERATE_SWIFT_ASSET_SYMBOL_EXTENSIONS = YES;
				CLANG_ANALYZER_NONNULL = YES;
				CLANG_ANALYZER_NUMBER_OBJECT_CONVERSION = YES_AGGRESSIVE;
				CLANG_CXX_LANGUAGE_STANDARD = "gnu++20";
				CLANG_ENABLE_MODULES = YES;
				CLANG_ENABLE_OBJC_ARC = YES;
				CLANG_ENABLE_OBJC_WEAK = YES;
				CLANG_WARN_BLOCK_CAPTURE_AUTORELEASING = YES;
				CLANG_WARN_BOOL_CONVERSION = YES;
				CLANG_WARN_COMMA = YES;
				CLANG_WARN_CONSTANT_CONVERSION = YES;
				CLANG_WARN_DEPRECATED_OBJC_IMPLEMENTATIONS = YES;
				CLANG_WARN_DIRECT_OBJC_ISA_USAGE = YES_ERROR;
				CLANG_WARN_DOCUMENTATION_COMMENTS = YES;
				CLANG_WARN_EMPTY_BODY = YES;
				CLANG_WARN_ENUM_CONVERSION = YES;
				CLANG_WARN_INFINITE_RECURSION = YES;
				CLANG_WARN_INT_CONVERSION = YES;
				CLANG_WARN_NON_LITERAL_NULL_CONVERSION = YES;
				CLANG_WARN_OBJC_IMPLICIT_RETAIN_SELF = YES;
				CLANG_WARN_OBJC_LITERAL_CONVERSION = YES;
				CLANG_WARN_OBJC_ROOT_CLASS = YES_ERROR;
				CLANG_WARN_QUOTED_INCLUDE_IN_FRAMEWORK_HEADER = YES;
				CLANG_WARN_RANGE_LOOP_ANALYSIS = YES;
				CLANG_WARN_STRICT_PROTOTYPES = YES;
				CLANG_WARN_SUSPICIOUS_MOVE = YES;
				CLANG_WARN_UNGUARDED_AVAILABILITY = YES_AGGRESSIVE;
				CLANG_WARN_UNREACHABLE_CODE = YES;
				CLANG_WARN__DUPLICATE_METHOD_MATCH = YES;
				COPY_PHASE_STRIP = NO;
				DEBUG_INFORMATION_FORMAT = dwarf;
				DEVELOPMENT_TEAM = 3ZB3RJUUF8;
				ENABLE_STRICT_OBJC_MSGSEND = YES;
				ENABLE_TESTABILITY = YES;
				ENABLE_USER_SCRIPT_SANDBOXING = YES;
				GCC_C_LANGUAGE_STANDARD = gnu17;
				GCC_DYNAMIC_NO_PIC = NO;
				GCC_NO_COMMON_BLOCKS = YES;
				GCC_OPTIMIZATION_LEVEL = 0;
				GCC_PREPROCESSOR_DEFINITIONS = (
					"DEBUG=1",
					"$(inherited)",
				);
				GCC_WARN_64_TO_32_BIT_CONVERSION = YES;
				GCC_WARN_ABOUT_RETURN_TYPE = YES_ERROR;
				GCC_WARN_UNDECLARED_SELECTOR = YES;
				GCC_WARN_UNINITIALIZED_AUTOS = YES_AGGRESSIVE;
				GCC_WARN_UNUSED_FUNCTION = YES;
				GCC_WARN_UNUSED_VARIABLE = YES;
				IPHONEOS_DEPLOYMENT_TARGET = 26.0;
				LOCALIZATION_PREFERS_STRING_CATALOGS = YES;
				MTL_ENABLE_DEBUG_INFO = INCLUDE_SOURCE;
				MTL_FAST_MATH = YES;
				ONLY_ACTIVE_ARCH = YES;
				SDKROOT = iphoneos;
				SWIFT_ACTIVE_COMPILATION_CONDITIONS = "DEBUG $(inherited)";
				SWIFT_OPTIMIZATION_LEVEL = "-Onone";
			};
			name = Debug;
		};
		B29827752E9D5FC10008460B /* Release */ = {
			isa = XCBuildConfiguration;
			buildSettings = {
				ALWAYS_SEARCH_USER_PATHS = NO;
				ASSETCATALOG_COMPILER_GENERATE_SWIFT_ASSET_SYMBOL_EXTENSIONS = YES;
				CLANG_ANALYZER_NONNULL = YES;
				CLANG_ANALYZER_NUMBER_OBJECT_CONVERSION = YES_AGGRESSIVE;
				CLANG_CXX_LANGUAGE_STANDARD = "gnu++20";
				CLANG_ENABLE_MODULES = YES;
				CLANG_ENABLE_OBJC_ARC = YES;
				CLANG_ENABLE_OBJC_WEAK = YES;
				CLANG_WARN_BLOCK_CAPTURE_AUTORELEASING = YES;
				CLANG_WARN_BOOL_CONVERSION = YES;
				CLANG_WARN_COMMA = YES;
				CLANG_WARN_CONSTANT_CONVERSION = YES;
				CLANG_WARN_DEPRECATED_OBJC_IMPLEMENTATIONS = YES;
				CLANG_WARN_DIRECT_OBJC_ISA_USAGE = YES_ERROR;
				CLANG_WARN_DOCUMENTATION_COMMENTS = YES;
				CLANG_WARN_EMPTY_BODY = YES;
				CLANG_WARN_ENUM_CONVERSION = YES;
				CLANG_WARN_INFINITE_RECURSION = YES;
				CLANG_WARN_INT_CONVERSION = YES;
				CLANG_WARN_NON_LITERAL_NULL_CONVERSION = YES;
				CLANG_WARN_OBJC_IMPLICIT_RETAIN_SELF = YES;
				CLANG_WARN_OBJC_LITERAL_CONVERSION = YES;
				CLANG_WARN_OBJC_ROOT_CLASS = YES_ERROR;
				CLANG_WARN_QUOTED_INCLUDE_IN_FRAMEWORK_HEADER = YES;
				CLANG_WARN_RANGE_LOOP_ANALYSIS = YES;
				CLANG_WARN_STRICT_PROTOTYPES = YES;
				CLANG_WARN_SUSPICIOUS_MOVE = YES;
				CLANG_WARN_UNGUARDED_AVAILABILITY = YES_AGGRESSIVE;
				CLANG_WARN_UNREACHABLE_CODE = YES;
				CLANG_WARN__DUPLICATE_METHOD_MATCH = YES;
				COPY_PHASE_STRIP = NO;
				DEBUG_INFORMATION_FORMAT = "dwarf-with-dsym";
				DEVELOPMENT_TEAM = 3ZB3RJUUF8;
				ENABLE_NS_ASSERTIONS = NO;
				ENABLE_STRICT_OBJC_MSGSEND = YES;
				ENABLE_USER_SCRIPT_SANDBOXING = YES;
				GCC_C_LANGUAGE_STANDARD = gnu17;
				GCC_NO_COMMON_BLOCKS = YES;
				GCC_WARN_64_TO_32_BIT_CONVERSION = YES;
				GCC_WARN_ABOUT_RETURN_TYPE = YES_ERROR;
				GCC_WARN_UNDECLARED_SELECTOR = YES;
				GCC_WARN_UNINITIALIZED_AUTOS = YES_AGGRESSIVE;
				GCC_WARN_UNUSED_FUNCTION = YES;
				GCC_WARN_UNUSED_VARIABLE = YES;
				IPHONEOS_DEPLOYMENT_TARGET = 26.0;
				LOCALIZATION_PREFERS_STRING_CATALOGS = YES;
				MTL_ENABLE_DEBUG_INFO = NO;
				MTL_FAST_MATH = YES;
				SDKROOT = iphoneos;
				SWIFT_COMPILATION_MODE = wholemodule;
				VALIDATE_PRODUCT = YES;
			};
			name = Release;
		};
		B29827772E9D5FC10008460B /* Debug */ = {
			isa = XCBuildConfiguration;
			buildSettings = {
				ASSETCATALOG_COMPILER_APPICON_NAME = AppIcon;
				ASSETCATALOG_COMPILER_GLOBAL_ACCENT_COLOR_NAME = AccentColor;
				CODE_SIGN_STYLE = Automatic;
				CURRENT_PROJECT_VERSION = 1;
				DEVELOPMENT_TEAM = 3ZB3RJUUF8;
				ENABLE_PREVIEWS = YES;
				GENERATE_INFOPLIST_FILE = YES;
				INFOPLIST_KEY_CFBundleDisplayName = AIMacros;
				INFOPLIST_KEY_LSApplicationCategoryType = "";
				INFOPLIST_KEY_NSCameraUsageDescription = "SnapMacros uses the camera to analyze meals";
				INFOPLIST_KEY_NSPhotoLibraryUsageDescription = "SnapMacros lets you pick an image to analyze";
				INFOPLIST_KEY_UIApplicationSceneManifest_Generation = YES;
				INFOPLIST_KEY_UIApplicationSupportsIndirectInputEvents = YES;
				INFOPLIST_KEY_UILaunchScreen_Generation = YES;
				INFOPLIST_KEY_UISupportedInterfaceOrientations = UIInterfaceOrientationPortrait;
				LD_RUNPATH_SEARCH_PATHS = (
					"$(inherited)",
					"@executable_path/Frameworks",
				);
				MARKETING_VERSION = 1.0;
				PRODUCT_BUNDLE_IDENTIFIER = "PrestonSpeidel.Snap-Macros";
				PRODUCT_NAME = "$(TARGET_NAME)";
				STRING_CATALOG_GENERATE_SYMBOLS = YES;
				SUPPORTED_PLATFORMS = "iphoneos iphonesimulator";
				SUPPORTS_MACCATALYST = NO;
				SUPPORTS_MAC_DESIGNED_FOR_IPHONE_IPAD = NO;
				SUPPORTS_XR_DESIGNED_FOR_IPHONE_IPAD = NO;
				SWIFT_APPROACHABLE_CONCURRENCY = YES;
				SWIFT_DEFAULT_ACTOR_ISOLATION = MainActor;
				SWIFT_EMIT_LOC_STRINGS = YES;
				SWIFT_UPCOMING_FEATURE_MEMBER_IMPORT_VISIBILITY = YES;
				SWIFT_VERSION = 5.0;
				TARGETED_DEVICE_FAMILY = "1,2";
			};
			name = Debug;
		};
		B29827782E9D5FC10008460B /* Release */ = {
			isa = XCBuildConfiguration;
			buildSettings = {
				ASSETCATALOG_COMPILER_APPICON_NAME = AppIcon;
				ASSETCATALOG_COMPILER_GLOBAL_ACCENT_COLOR_NAME = AccentColor;
				CODE_SIGN_STYLE = Automatic;
				CURRENT_PROJECT_VERSION = 1;
				DEVELOPMENT_TEAM = 3ZB3RJUUF8;
				ENABLE_PREVIEWS = YES;
				GENERATE_INFOPLIST_FILE = YES;
				INFOPLIST_KEY_CFBundleDisplayName = AIMacros;
				INFOPLIST_KEY_LSApplicationCategoryType = "";
				INFOPLIST_KEY_NSCameraUsageDescription = "SnapMacros uses the camera to analyze meals";
				INFOPLIST_KEY_NSPhotoLibraryUsageDescription = "SnapMacros lets you pick an image to analyze";
				INFOPLIST_KEY_UIApplicationSceneManifest_Generation = YES;
				INFOPLIST_KEY_UIApplicationSupportsIndirectInputEvents = YES;
				INFOPLIST_KEY_UILaunchScreen_Generation = YES;
				INFOPLIST_KEY_UISupportedInterfaceOrientations = UIInterfaceOrientationPortrait;
				LD_RUNPATH_SEARCH_PATHS = (
					"$(inherited)",
					"@executable_path/Frameworks",
				);
				MARKETING_VERSION = 1.0;
				PRODUCT_BUNDLE_IDENTIFIER = "PrestonSpeidel.Snap-Macros";
				PRODUCT_NAME = "$(TARGET_NAME)";
				STRING_CATALOG_GENERATE_SYMBOLS = YES;
				SUPPORTED_PLATFORMS = "iphoneos iphonesimulator";
				SUPPORTS_MACCATALYST = NO;
				SUPPORTS_MAC_DESIGNED_FOR_IPHONE_IPAD = NO;
				SUPPORTS_XR_DESIGNED_FOR_IPHONE_IPAD = NO;
				SWIFT_APPROACHABLE_CONCURRENCY = YES;
				SWIFT_DEFAULT_ACTOR_ISOLATION = MainActor;
				SWIFT_EMIT_LOC_STRINGS = YES;
				SWIFT_UPCOMING_FEATURE_MEMBER_IMPORT_VISIBILITY = YES;
				SWIFT_VERSION = 5.0;
				TARGETED_DEVICE_FAMILY = "1,2";
			};
			name = Release;
		};
		B298277A2E9D5FC10008460B /* Debug */ = {
			isa = XCBuildConfiguration;
			buildSettings = {
				BUNDLE_LOADER = "$(TEST_HOST)";
				CODE_SIGN_STYLE = Automatic;
				CURRENT_PROJECT_VERSION = 1;
				DEVELOPMENT_TEAM = 3ZB3RJUUF8;
				GENERATE_INFOPLIST_FILE = YES;
				IPHONEOS_DEPLOYMENT_TARGET = 26.0;
				MARKETING_VERSION = 1.0;
				PRODUCT_BUNDLE_IDENTIFIER = "PrestonSpeidel.Snap-MacrosTests";
				PRODUCT_NAME = "$(TARGET_NAME)";
				STRING_CATALOG_GENERATE_SYMBOLS = NO;
				SWIFT_APPROACHABLE_CONCURRENCY = YES;
				SWIFT_EMIT_LOC_STRINGS = NO;
				SWIFT_UPCOMING_FEATURE_MEMBER_IMPORT_VISIBILITY = YES;
				SWIFT_VERSION = 5.0;
				TARGETED_DEVICE_FAMILY = "1,2";
				TEST_HOST = "$(BUILT_PRODUCTS_DIR)/Snap Macros.app/$(BUNDLE_EXECUTABLE_FOLDER_PATH)/Snap Macros";
			};
			name = Debug;
		};
		B298277B2E9D5FC10008460B /* Release */ = {
			isa = XCBuildConfiguration;
			buildSettings = {
				BUNDLE_LOADER = "$(TEST_HOST)";
				CODE_SIGN_STYLE = Automatic;
				CURRENT_PROJECT_VERSION = 1;
				DEVELOPMENT_TEAM = 3ZB3RJUUF8;
				GENERATE_INFOPLIST_FILE = YES;
				IPHONEOS_DEPLOYMENT_TARGET = 26.0;
				MARKETING_VERSION = 1.0;
				PRODUCT_BUNDLE_IDENTIFIER = "PrestonSpeidel.Snap-MacrosTests";
				PRODUCT_NAME = "$(TARGET_NAME)";
				STRING_CATALOG_GENERATE_SYMBOLS = NO;
				SWIFT_APPROACHABLE_CONCURRENCY = YES;
				SWIFT_EMIT_LOC_STRINGS = NO;
				SWIFT_UPCOMING_FEATURE_MEMBER_IMPORT_VISIBILITY = YES;
				SWIFT_VERSION = 5.0;
				TARGETED_DEVICE_FAMILY = "1,2";
				TEST_HOST = "$(BUILT_PRODUCTS_DIR)/Snap Macros.app/$(BUNDLE_EXECUTABLE_FOLDER_PATH)/Snap Macros";
			};
			name = Release;
		};
		B298277D2E9D5FC10008460B /* Debug */ = {
			isa = XCBuildConfiguration;
			buildSettings = {
				CODE_SIGN_STYLE = Automatic;
				CURRENT_PROJECT_VERSION = 1;
				DEVELOPMENT_TEAM = 3ZB3RJUUF8;
				GENERATE_INFOPLIST_FILE = YES;
				MARKETING_VERSION = 1.0;
				PRODUCT_BUNDLE_IDENTIFIER = "PrestonSpeidel.Snap-MacrosUITests";
				PRODUCT_NAME = "$(TARGET_NAME)";
				STRING_CATALOG_GENERATE_SYMBOLS = NO;
				SWIFT_APPROACHABLE_CONCURRENCY = YES;
				SWIFT_EMIT_LOC_STRINGS = NO;
				SWIFT_UPCOMING_FEATURE_MEMBER_IMPORT_VISIBILITY = YES;
				SWIFT_VERSION = 5.0;
				TARGETED_DEVICE_FAMILY = "1,2";
				TEST_TARGET_NAME = "Snap Macros";
			};
			name = Debug;
		};
		B298277E2E9D5FC10008460B /* Release */ = {
			isa = XCBuildConfiguration;
			buildSettings = {
				CODE_SIGN_STYLE = Automatic;
				CURRENT_PROJECT_VERSION = 1;
				DEVELOPMENT_TEAM = 3ZB3RJUUF8;
				GENERATE_INFOPLIST_FILE = YES;
				MARKETING_VERSION = 1.0;
				PRODUCT_BUNDLE_IDENTIFIER = "PrestonSpeidel.Snap-MacrosUITests";
				PRODUCT_NAME = "$(TARGET_NAME)";
				STRING_CATALOG_GENERATE_SYMBOLS = NO;
				SWIFT_APPROACHABLE_CONCURRENCY = YES;
				SWIFT_EMIT_LOC_STRINGS = NO;
				SWIFT_UPCOMING_FEATURE_MEMBER_IMPORT_VISIBILITY = YES;
				SWIFT_VERSION = 5.0;
				TARGETED_DEVICE_FAMILY = "1,2";
				TEST_TARGET_NAME = "Snap Macros";
			};
			name = Release;
		};
/* End XCBuildConfiguration section */

/* Begin XCConfigurationList section */
		B29827502E9D5FC00008460B /* Build configuration list for PBXProject "Snap Macros" */ = {
			isa = XCConfigurationList;
			buildConfigurations = (
				B29827742E9D5FC10008460B /* Debug */,
				B29827752E9D5FC10008460B /* Release */,
			);
			defaultConfigurationIsVisible = 0;
			defaultConfigurationName = Release;
		};
		B29827762E9D5FC10008460B /* Build configuration list for PBXNativeTarget "Snap Macros" */ = {
			isa = XCConfigurationList;
			buildConfigurations = (
				B29827772E9D5FC10008460B /* Debug */,
				B29827782E9D5FC10008460B /* Release */,
			);
			defaultConfigurationIsVisible = 0;
			defaultConfigurationName = Release;
		};
		B29827792E9D5FC10008460B /* Build configuration list for PBXNativeTarget "Snap MacrosTests" */ = {
			isa = XCConfigurationList;
			buildConfigurations = (
				B298277A2E9D5FC10008460B /* Debug */,
				B298277B2E9D5FC10008460B /* Release */,
			);
			defaultConfigurationIsVisible = 0;
			defaultConfigurationName = Release;
		};
		B298277C2E9D5FC10008460B /* Build configuration list for PBXNativeTarget "Snap MacrosUITests" */ = {
			isa = XCConfigurationList;
			buildConfigurations = (
				B298277D2E9D5FC10008460B /* Debug */,
				B298277E2E9D5FC10008460B /* Release */,
			);
			defaultConfigurationIsVisible = 0;
			defaultConfigurationName = Release;
		};
/* End XCConfigurationList section */

/* Begin XCRemoteSwiftPackageReference section */
		B2C4FCDE2EC2782200184115 /* XCRemoteSwiftPackageReference "purchases-ios-spm" */ = {
			isa = XCRemoteSwiftPackageReference;
			repositoryURL = "https://github.com/RevenueCat/purchases-ios-spm.git";
			requirement = {
				kind = upToNextMajorVersion;
				minimumVersion = 5.47.0;
			};
		};
/* End XCRemoteSwiftPackageReference section */

/* Begin XCSwiftPackageProductDependency section */
		B2C4FCDF2EC2782200184115 /* RevenueCat */ = {
			isa = XCSwiftPackageProductDependency;
			package = B2C4FCDE2EC2782200184115 /* XCRemoteSwiftPackageReference "purchases-ios-spm" */;
			productName = RevenueCat;
		};
		B2C4FCE12EC2782200184115 /* RevenueCatUI */ = {
			isa = XCSwiftPackageProductDependency;
			package = B2C4FCDE2EC2782200184115 /* XCRemoteSwiftPackageReference "purchases-ios-spm" */;
			productName = RevenueCatUI;
		};
/* End XCSwiftPackageProductDependency section */
	};
	rootObject = B298274D2E9D5FC00008460B /* Project object */;
}
