{
  "originHash" : "533de208f7207fdd36b99a2f0036707fca012c23defe0e4e99a820106aff336d",
  "pins" : [
    {
      "identity" : "purchases-ios-spm",
      "kind" : "remoteSourceControl",
      "location" : "https://github.com/RevenueCat/purchases-ios-spm.git",
      "state" : {
        "revision" : "1548d80a9910dcdf8a2f6db53fcdb647997f17bb",
        "version" : "5.47.0"
      }
    }
  ],
  "version" : 3
}
